// !$*UTF8*$!
{
	archiveVersion = 1;
	classes = {
	};
	objectVersion = 56;
	objects = {

/* Begin PBXBuildFile section */
		59B9EDC62C3F19F500BAC4EF /* MainTableViewCell.swift in Sources */ = {isa = PBXBuildFile; fileRef = 59B9EDC42C3F19F500BAC4EF /* MainTableViewCell.swift */; };
		59B9EDC72C3F19F500BAC4EF /* MainTableViewCell.xib in Resources */ = {isa = PBXBuildFile; fileRef = 59B9EDC52C3F19F500BAC4EF /* MainTableViewCell.xib */; };
		59B9EDCA2C3F1BEE00BAC4EF /* UIKITComponent.swift in Sources */ = {isa = PBXBuildFile; fileRef = 59B9EDC92C3F1BEE00BAC4EF /* UIKITComponent.swift */; };
		59B9EDCE2C3F222A00BAC4EF /* MainCollectionViewCell.swift in Sources */ = {isa = PBXBuildFile; fileRef = 59B9EDCC2C3F222A00BAC4EF /* MainCollectionViewCell.swift */; };
		59B9EDCF2C3F222A00BAC4EF /* MainCollectionViewCell.xib in Resources */ = {isa = PBXBuildFile; fileRef = 59B9EDCD2C3F222A00BAC4EF /* MainCollectionViewCell.xib */; };
		59F54B312C3EF73A00CBB18A /* AppDelegate.swift in Sources */ = {isa = PBXBuildFile; fileRef = 59F54B302C3EF73A00CBB18A /* AppDelegate.swift */; };
		59F54B332C3EF73A00CBB18A /* SceneDelegate.swift in Sources */ = {isa = PBXBuildFile; fileRef = 59F54B322C3EF73A00CBB18A /* SceneDelegate.swift */; };
		59F54B352C3EF73A00CBB18A /* MainViewController.swift in Sources */ = {isa = PBXBuildFile; fileRef = 59F54B342C3EF73A00CBB18A /* MainViewController.swift */; };
		59F54B382C3EF73A00CBB18A /* Main.storyboard in Resources */ = {isa = PBXBuildFile; fileRef = 59F54B362C3EF73A00CBB18A /* Main.storyboard */; };
		59F54B3A2C3EF73B00CBB18A /* Assets.xcassets in Resources */ = {isa = PBXBuildFile; fileRef = 59F54B392C3EF73B00CBB18A /* Assets.xcassets */; };
		59F54B3D2C3EF73B00CBB18A /* LaunchScreen.storyboard in Resources */ = {isa = PBXBuildFile; fileRef = 59F54B3B2C3EF73B00CBB18A /* LaunchScreen.storyboard */; };
		59F54B482C3EF73B00CBB18A /* ToDo_SwiftTests.swift in Sources */ = {isa = PBXBuildFile; fileRef = 59F54B472C3EF73B00CBB18A /* ToDo_SwiftTests.swift */; };
		59F54B522C3EF73B00CBB18A /* ToDo_SwiftUITests.swift in Sources */ = {isa = PBXBuildFile; fileRef = 59F54B512C3EF73B00CBB18A /* ToDo_SwiftUITests.swift */; };
		59F54B542C3EF73B00CBB18A /* ToDo_SwiftUITestsLaunchTests.swift in Sources */ = {isa = PBXBuildFile; fileRef = 59F54B532C3EF73B00CBB18A /* ToDo_SwiftUITestsLaunchTests.swift */; };
/* End PBXBuildFile section */

/* Begin PBXContainerItemProxy section */
		59F54B442C3EF73B00CBB18A /* PBXContainerItemProxy */ = {
			isa = PBXContainerItemProxy;
			containerPortal = 59F54B252C3EF73A00CBB18A /* Project object */;
			proxyType = 1;
			remoteGlobalIDString = 59F54B2C2C3EF73A00CBB18A;
			remoteInfo = "ToDo-Swift";
		};
		59F54B4E2C3EF73B00CBB18A /* PBXContainerItemProxy */ = {
			isa = PBXContainerItemProxy;
			containerPortal = 59F54B252C3EF73A00CBB18A /* Project object */;
			proxyType = 1;
			remoteGlobalIDString = 59F54B2C2C3EF73A00CBB18A;
			remoteInfo = "ToDo-Swift";
		};
/* End PBXContainerItemProxy section */

/* Begin PBXFileReference section */
		59B9EDC42C3F19F500BAC4EF /* MainTableViewCell.swift */ = {isa = PBXFileReference; lastKnownFileType = sourcecode.swift; path = MainTableViewCell.swift; sourceTree = "<group>"; };
		59B9EDC52C3F19F500BAC4EF /* MainTableViewCell.xib */ = {isa = PBXFileReference; lastKnownFileType = file.xib; path = MainTableViewCell.xib; sourceTree = "<group>"; };
		59B9EDC92C3F1BEE00BAC4EF /* UIKITComponent.swift */ = {isa = PBXFileReference; lastKnownFileType = sourcecode.swift; path = UIKITComponent.swift; sourceTree = "<group>"; };
		59B9EDCC2C3F222A00BAC4EF /* MainCollectionViewCell.swift */ = {isa = PBXFileReference; lastKnownFileType = sourcecode.swift; path = MainCollectionViewCell.swift; sourceTree = "<group>"; };
		59B9EDCD2C3F222A00BAC4EF /* MainCollectionViewCell.xib */ = {isa = PBXFileReference; lastKnownFileType = file.xib; path = MainCollectionViewCell.xib; sourceTree = "<group>"; };
		59F54B2D2C3EF73A00CBB18A /* ToDo-Swift.app */ = {isa = PBXFileReference; explicitFileType = wrapper.application; includeInIndex = 0; path = "ToDo-Swift.app"; sourceTree = BUILT_PRODUCTS_DIR; };
		59F54B302C3EF73A00CBB18A /* AppDelegate.swift */ = {isa = PBXFileReference; lastKnownFileType = sourcecode.swift; path = AppDelegate.swift; sourceTree = "<group>"; };
		59F54B322C3EF73A00CBB18A /* SceneDelegate.swift */ = {isa = PBXFileReference; lastKnownFileType = sourcecode.swift; path = SceneDelegate.swift; sourceTree = "<group>"; };
		59F54B342C3EF73A00CBB18A /* MainViewController.swift */ = {isa = PBXFileReference; lastKnownFileType = sourcecode.swift; path = MainViewController.swift; sourceTree = "<group>"; };
		59F54B372C3EF73A00CBB18A /* Base */ = {isa = PBXFileReference; lastKnownFileType = file.storyboard; name = Base; path = Base.lproj/Main.storyboard; sourceTree = "<group>"; };
		59F54B392C3EF73B00CBB18A /* Assets.xcassets */ = {isa = PBXFileReference; lastKnownFileType = folder.assetcatalog; path = Assets.xcassets; sourceTree = "<group>"; };
		59F54B3C2C3EF73B00CBB18A /* Base */ = {isa = PBXFileReference; lastKnownFileType = file.storyboard; name = Base; path = Base.lproj/LaunchScreen.storyboard; sourceTree = "<group>"; };
		59F54B3E2C3EF73B00CBB18A /* Info.plist */ = {isa = PBXFileReference; lastKnownFileType = text.plist.xml; path = Info.plist; sourceTree = "<group>"; };
		59F54B432C3EF73B00CBB18A /* ToDo-SwiftTests.xctest */ = {isa = PBXFileReference; explicitFileType = wrapper.cfbundle; includeInIndex = 0; path = "ToDo-SwiftTests.xctest"; sourceTree = BUILT_PRODUCTS_DIR; };
		59F54B472C3EF73B00CBB18A /* ToDo_SwiftTests.swift */ = {isa = PBXFileReference; lastKnownFileType = sourcecode.swift; path = ToDo_SwiftTests.swift; sourceTree = "<group>"; };
		59F54B4D2C3EF73B00CBB18A /* ToDo-SwiftUITests.xctest */ = {isa = PBXFileReference; explicitFileType = wrapper.cfbundle; includeInIndex = 0; path = "ToDo-SwiftUITests.xctest"; sourceTree = BUILT_PRODUCTS_DIR; };
		59F54B512C3EF73B00CBB18A /* ToDo_SwiftUITests.swift */ = {isa = PBXFileReference; lastKnownFileType = sourcecode.swift; path = ToDo_SwiftUITests.swift; sourceTree = "<group>"; };
		59F54B532C3EF73B00CBB18A /* ToDo_SwiftUITestsLaunchTests.swift */ = {isa = PBXFileReference; lastKnownFileType = sourcecode.swift; path = ToDo_SwiftUITestsLaunchTests.swift; sourceTree = "<group>"; };
/* End PBXFileReference section */

/* Begin PBXFrameworksBuildPhase section */
		59F54B2A2C3EF73A00CBB18A /* Frameworks */ = {
			isa = PBXFrameworksBuildPhase;
			buildActionMask = 2147483647;
			files = (
			);
			runOnlyForDeploymentPostprocessing = 0;
		};
		59F54B402C3EF73B00CBB18A /* Frameworks */ = {
			isa = PBXFrameworksBuildPhase;
			buildActionMask = 2147483647;
			files = (
			);
			runOnlyForDeploymentPostprocessing = 0;
		};
		59F54B4A2C3EF73B00CBB18A /* Frameworks */ = {
			isa = PBXFrameworksBuildPhase;
			buildActionMask = 2147483647;
			files = (
			);
			runOnlyForDeploymentPostprocessing = 0;
		};
/* End PBXFrameworksBuildPhase section */

/* Begin PBXGroup section */
		59B9EDC12C3F199F00BAC4EF /* Storyboard */ = {
			isa = PBXGroup;
			children = (
				59F54B362C3EF73A00CBB18A /* Main.storyboard */,
			);
			path = Storyboard;
			sourceTree = "<group>";
		};
		59B9EDC22C3F19B000BAC4EF /* ViewController */ = {
			isa = PBXGroup;
			children = (
				59F54B342C3EF73A00CBB18A /* MainViewController.swift */,
			);
			path = ViewController;
			sourceTree = "<group>";
		};
		59B9EDC32C3F19CF00BAC4EF /* Cell */ = {
			isa = PBXGroup;
			children = (
				59B9EDC42C3F19F500BAC4EF /* MainTableViewCell.swift */,
				59B9EDC52C3F19F500BAC4EF /* MainTableViewCell.xib */,
				59B9EDCC2C3F222A00BAC4EF /* MainCollectionViewCell.swift */,
				59B9EDCD2C3F222A00BAC4EF /* MainCollectionViewCell.xib */,
			);
			path = Cell;
			sourceTree = "<group>";
		};
		59B9EDC82C3F1BD600BAC4EF /* Data */ = {
			isa = PBXGroup;
			children = (
				59B9EDC92C3F1BEE00BAC4EF /* UIKITComponent.swift */,
			);
			path = Data;
			sourceTree = "<group>";
		};
		59F54B242C3EF73A00CBB18A = {
			isa = PBXGroup;
			children = (
				59F54B2F2C3EF73A00CBB18A /* ToDo-Swift */,
				59F54B462C3EF73B00CBB18A /* ToDo-SwiftTests */,
				59F54B502C3EF73B00CBB18A /* ToDo-SwiftUITests */,
				59F54B2E2C3EF73A00CBB18A /* Products */,
			);
			sourceTree = "<group>";
		};
		59F54B2E2C3EF73A00CBB18A /* Products */ = {
			isa = PBXGroup;
			children = (
				59F54B2D2C3EF73A00CBB18A /* ToDo-Swift.app */,
				59F54B432C3EF73B00CBB18A /* ToDo-SwiftTests.xctest */,
				59F54B4D2C3EF73B00CBB18A /* ToDo-SwiftUITests.xctest */,
			);
			name = Products;
			sourceTree = "<group>";
		};
		59F54B2F2C3EF73A00CBB18A /* ToDo-Swift */ = {
			isa = PBXGroup;
			children = (
				59B9EDC82C3F1BD600BAC4EF /* Data */,
				59B9EDC22C3F19B000BAC4EF /* ViewController */,
				59B9EDC12C3F199F00BAC4EF /* Storyboard */,
				59B9EDC32C3F19CF00BAC4EF /* Cell */,
				59F54B302C3EF73A00CBB18A /* AppDelegate.swift */,
				59F54B322C3EF73A00CBB18A /* SceneDelegate.swift */,
				59F54B392C3EF73B00CBB18A /* Assets.xcassets */,
				59F54B3B2C3EF73B00CBB18A /* LaunchScreen.storyboard */,
				59F54B3E2C3EF73B00CBB18A /* Info.plist */,
			);
			path = "ToDo-Swift";
			sourceTree = "<group>";
		};
		59F54B462C3EF73B00CBB18A /* ToDo-SwiftTests */ = {
			isa = PBXGroup;
			children = (
				59F54B472C3EF73B00CBB18A /* ToDo_SwiftTests.swift */,
			);
			path = "ToDo-SwiftTests";
			sourceTree = "<group>";
		};
		59F54B502C3EF73B00CBB18A /* ToDo-SwiftUITests */ = {
			isa = PBXGroup;
			children = (
				59F54B512C3EF73B00CBB18A /* ToDo_SwiftUITests.swift */,
				59F54B532C3EF73B00CBB18A /* ToDo_SwiftUITestsLaunchTests.swift */,
			);
			path = "ToDo-SwiftUITests";
			sourceTree = "<group>";
		};
/* End PBXGroup section */

/* Begin PBXNativeTarget section */
		59F54B2C2C3EF73A00CBB18A /* ToDo-Swift */ = {
			isa = PBXNativeTarget;
			buildConfigurationList = 59F54B572C3EF73B00CBB18A /* Build configuration list for PBXNativeTarget "ToDo-Swift" */;
			buildPhases = (
				59F54B292C3EF73A00CBB18A /* Sources */,
				59F54B2A2C3EF73A00CBB18A /* Frameworks */,
				59F54B2B2C3EF73A00CBB18A /* Resources */,
			);
			buildRules = (
			);
			dependencies = (
			);
			name = "ToDo-Swift";
			productName = "ToDo-Swift";
			productReference = 59F54B2D2C3EF73A00CBB18A /* ToDo-Swift.app */;
			productType = "com.apple.product-type.application";
		};
		59F54B422C3EF73B00CBB18A /* ToDo-SwiftTests */ = {
			isa = PBXNativeTarget;
			buildConfigurationList = 59F54B5A2C3EF73B00CBB18A /* Build configuration list for PBXNativeTarget "ToDo-SwiftTests" */;
			buildPhases = (
				59F54B3F2C3EF73B00CBB18A /* Sources */,
				59F54B402C3EF73B00CBB18A /* Frameworks */,
				59F54B412C3EF73B00CBB18A /* Resources */,
			);
			buildRules = (
			);
			dependencies = (
				59F54B452C3EF73B00CBB18A /* PBXTargetDependency */,
			);
			name = "ToDo-SwiftTests";
			productName = "ToDo-SwiftTests";
			productReference = 59F54B432C3EF73B00CBB18A /* ToDo-SwiftTests.xctest */;
			productType = "com.apple.product-type.bundle.unit-test";
		};
		59F54B4C2C3EF73B00CBB18A /* ToDo-SwiftUITests */ = {
			isa = PBXNativeTarget;
			buildConfigurationList = 59F54B5D2C3EF73B00CBB18A /* Build configuration list for PBXNativeTarget "ToDo-SwiftUITests" */;
			buildPhases = (
				59F54B492C3EF73B00CBB18A /* Sources */,
				59F54B4A2C3EF73B00CBB18A /* Frameworks */,
				59F54B4B2C3EF73B00CBB18A /* Resources */,
			);
			buildRules = (
			);
			dependencies = (
				59F54B4F2C3EF73B00CBB18A /* PBXTargetDependency */,
			);
			name = "ToDo-SwiftUITests";
			productName = "ToDo-SwiftUITests";
			productReference = 59F54B4D2C3EF73B00CBB18A /* ToDo-SwiftUITests.xctest */;
			productType = "com.apple.product-type.bundle.ui-testing";
		};
/* End PBXNativeTarget section */

/* Begin PBXProject section */
		59F54B252C3EF73A00CBB18A /* Project object */ = {
			isa = PBXProject;
			attributes = {
				BuildIndependentTargetsInParallel = 1;
				LastSwiftUpdateCheck = 1520;
				LastUpgradeCheck = 1520;
				TargetAttributes = {
					59F54B2C2C3EF73A00CBB18A = {
						CreatedOnToolsVersion = 15.2;
					};
					59F54B422C3EF73B00CBB18A = {
						CreatedOnToolsVersion = 15.2;
						TestTargetID = 59F54B2C2C3EF73A00CBB18A;
					};
					59F54B4C2C3EF73B00CBB18A = {
						CreatedOnToolsVersion = 15.2;
						TestTargetID = 59F54B2C2C3EF73A00CBB18A;
					};
				};
			};
			buildConfigurationList = 59F54B282C3EF73A00CBB18A /* Build configuration list for PBXProject "ToDo-Swift" */;
			compatibilityVersion = "Xcode 14.0";
			developmentRegion = en;
			hasScannedForEncodings = 0;
			knownRegions = (
				en,
				Base,
			);
			mainGroup = 59F54B242C3EF73A00CBB18A;
			productRefGroup = 59F54B2E2C3EF73A00CBB18A /* Products */;
			projectDirPath = "";
			projectRoot = "";
			targets = (
				59F54B2C2C3EF73A00CBB18A /* ToDo-Swift */,
				59F54B422C3EF73B00CBB18A /* ToDo-SwiftTests */,
				59F54B4C2C3EF73B00CBB18A /* ToDo-SwiftUITests */,
			);
		};
/* End PBXProject section */

/* Begin PBXResourcesBuildPhase section */
		59F54B2B2C3EF73A00CBB18A /* Resources */ = {
			isa = PBXResourcesBuildPhase;
			buildActionMask = 2147483647;
			files = (
				59F54B3D2C3EF73B00CBB18A /* LaunchScreen.storyboard in Resources */,
				59F54B3A2C3EF73B00CBB18A /* Assets.xcassets in Resources */,
				59B9EDC72C3F19F500BAC4EF /* MainTableViewCell.xib in Resources */,
				59B9EDCF2C3F222A00BAC4EF /* MainCollectionViewCell.xib in Resources */,
				59F54B382C3EF73A00CBB18A /* Main.storyboard in Resources */,
			);
			runOnlyForDeploymentPostprocessing = 0;
		};
		59F54B412C3EF73B00CBB18A /* Resources */ = {
			isa = PBXResourcesBuildPhase;
			buildActionMask = 2147483647;
			files = (
			);
			runOnlyForDeploymentPostprocessing = 0;
		};
		59F54B4B2C3EF73B00CBB18A /* Resources */ = {
			isa = PBXResourcesBuildPhase;
			buildActionMask = 2147483647;
			files = (
			);
			runOnlyForDeploymentPostprocessing = 0;
		};
/* End PBXResourcesBuildPhase section */

/* Begin PBXSourcesBuildPhase section */
		59F54B292C3EF73A00CBB18A /* Sources */ = {
			isa = PBXSourcesBuildPhase;
			buildActionMask = 2147483647;
			files = (
				59B9EDCA2C3F1BEE00BAC4EF /* UIKITComponent.swift in Sources */,
				59B9EDCE2C3F222A00BAC4EF /* MainCollectionViewCell.swift in Sources */,
				59F54B352C3EF73A00CBB18A /* MainViewController.swift in Sources */,
				59F54B312C3EF73A00CBB18A /* AppDelegate.swift in Sources */,
				59B9EDC62C3F19F500BAC4EF /* MainTableViewCell.swift in Sources */,
				59F54B332C3EF73A00CBB18A /* SceneDelegate.swift in Sources */,
			);
			runOnlyForDeploymentPostprocessing = 0;
		};
		59F54B3F2C3EF73B00CBB18A /* Sources */ = {
			isa = PBXSourcesBuildPhase;
			buildActionMask = 2147483647;
			files = (
				59F54B482C3EF73B00CBB18A /* ToDo_SwiftTests.swift in Sources */,
			);
			runOnlyForDeploymentPostprocessing = 0;
		};
		59F54B492C3EF73B00CBB18A /* Sources */ = {
			isa = PBXSourcesBuildPhase;
			buildActionMask = 2147483647;
			files = (
				59F54B542C3EF73B00CBB18A /* ToDo_SwiftUITestsLaunchTests.swift in Sources */,
				59F54B522C3EF73B00CBB18A /* ToDo_SwiftUITests.swift in Sources */,
			);
			runOnlyForDeploymentPostprocessing = 0;
		};
/* End PBXSourcesBuildPhase section */

/* Begin PBXTargetDependency section */
		59F54B452C3EF73B00CBB18A /* PBXTargetDependency */ = {
			isa = PBXTargetDependency;
			target = 59F54B2C2C3EF73A00CBB18A /* ToDo-Swift */;
			targetProxy = 59F54B442C3EF73B00CBB18A /* PBXContainerItemProxy */;
		};
		59F54B4F2C3EF73B00CBB18A /* PBXTargetDependency */ = {
			isa = PBXTargetDependency;
			target = 59F54B2C2C3EF73A00CBB18A /* ToDo-Swift */;
			targetProxy = 59F54B4E2C3EF73B00CBB18A /* PBXContainerItemProxy */;
		};
/* End PBXTargetDependency section */

/* Begin PBXVariantGroup section */
		59F54B362C3EF73A00CBB18A /* Main.storyboard */ = {
			isa = PBXVariantGroup;
			children = (
				59F54B372C3EF73A00CBB18A /* Base */,
			);
			name = Main.storyboard;
			sourceTree = "<group>";
		};
		59F54B3B2C3EF73B00CBB18A /* LaunchScreen.storyboard */ = {
			isa = PBXVariantGroup;
			children = (
				59F54B3C2C3EF73B00CBB18A /* Base */,
			);
			name = LaunchScreen.storyboard;
			sourceTree = "<group>";
		};
/* End PBXVariantGroup section */

/* Begin XCBuildConfiguration section */
		59F54B552C3EF73B00CBB18A /* Debug */ = {
			isa = XCBuildConfiguration;
			buildSettings = {
				ALWAYS_SEARCH_USER_PATHS = NO;
				ASSETCATALOG_COMPILER_GENERATE_SWIFT_ASSET_SYMBOL_EXTENSIONS = YES;
				CLANG_ANALYZER_NONNULL = YES;
				CLANG_ANALYZER_NUMBER_OBJECT_CONVERSION = YES_AGGRESSIVE;
				CLANG_CXX_LANGUAGE_STANDARD = "gnu++20";
				CLANG_ENABLE_MODULES = YES;
				CLANG_ENABLE_OBJC_ARC = YES;
				CLANG_ENABLE_OBJC_WEAK = YES;
				CLANG_WARN_BLOCK_CAPTURE_AUTORELEASING = YES;
				CLANG_WARN_BOOL_CONVERSION = YES;
				CLANG_WARN_COMMA = YES;
				CLANG_WARN_CONSTANT_CONVERSION = YES;
				CLANG_WARN_DEPRECATED_OBJC_IMPLEMENTATIONS = YES;
				CLANG_WARN_DIRECT_OBJC_ISA_USAGE = YES_ERROR;
				CLANG_WARN_DOCUMENTATION_COMMENTS = YES;
				CLANG_WARN_EMPTY_BODY = YES;
				CLANG_WARN_ENUM_CONVERSION = YES;
				CLANG_WARN_INFINITE_RECURSION = YES;
				CLANG_WARN_INT_CONVERSION = YES;
				CLANG_WARN_NON_LITERAL_NULL_CONVERSION = YES;
				CLANG_WARN_OBJC_IMPLICIT_RETAIN_SELF = YES;
				CLANG_WARN_OBJC_LITERAL_CONVERSION = YES;
				CLANG_WARN_OBJC_ROOT_CLASS = YES_ERROR;
				CLANG_WARN_QUOTED_INCLUDE_IN_FRAMEWORK_HEADER = YES;
				CLANG_WARN_RANGE_LOOP_ANALYSIS = YES;
				CLANG_WARN_STRICT_PROTOTYPES = YES;
				CLANG_WARN_SUSPICIOUS_MOVE = YES;
				CLANG_WARN_UNGUARDED_AVAILABILITY = YES_AGGRESSIVE;
				CLANG_WARN_UNREACHABLE_CODE = YES;
				CLANG_WARN__DUPLICATE_METHOD_MATCH = YES;
				COPY_PHASE_STRIP = NO;
				DEBUG_INFORMATION_FORMAT = dwarf;
				ENABLE_STRICT_OBJC_MSGSEND = YES;
				ENABLE_TESTABILITY = YES;
				ENABLE_USER_SCRIPT_SANDBOXING = YES;
				GCC_C_LANGUAGE_STANDARD = gnu17;
				GCC_DYNAMIC_NO_PIC = NO;
				GCC_NO_COMMON_BLOCKS = YES;
				GCC_OPTIMIZATION_LEVEL = 0;
				GCC_PREPROCESSOR_DEFINITIONS = (
					"DEBUG=1",
					"$(inherited)",
				);
				GCC_WARN_64_TO_32_BIT_CONVERSION = YES;
				GCC_WARN_ABOUT_RETURN_TYPE = YES_ERROR;
				GCC_WARN_UNDECLARED_SELECTOR = YES;
				GCC_WARN_UNINITIALIZED_AUTOS = YES_AGGRESSIVE;
				GCC_WARN_UNUSED_FUNCTION = YES;
				GCC_WARN_UNUSED_VARIABLE = YES;
				IPHONEOS_DEPLOYMENT_TARGET = 17.2;
				LOCALIZATION_PREFERS_STRING_CATALOGS = YES;
				MTL_ENABLE_DEBUG_INFO = INCLUDE_SOURCE;
				MTL_FAST_MATH = YES;
				ONLY_ACTIVE_ARCH = YES;
				SDKROOT = iphoneos;
				SWIFT_ACTIVE_COMPILATION_CONDITIONS = "DEBUG $(inherited)";
				SWIFT_OPTIMIZATION_LEVEL = "-Onone";
			};
			name = Debug;
		};
		59F54B562C3EF73B00CBB18A /* Release */ = {
			isa = XCBuildConfiguration;
			buildSettings = {
				ALWAYS_SEARCH_USER_PATHS = NO;
				ASSETCATALOG_COMPILER_GENERATE_SWIFT_ASSET_SYMBOL_EXTENSIONS = YES;
				CLANG_ANALYZER_NONNULL = YES;
				CLANG_ANALYZER_NUMBER_OBJECT_CONVERSION = YES_AGGRESSIVE;
				CLANG_CXX_LANGUAGE_STANDARD = "gnu++20";
				CLANG_ENABLE_MODULES = YES;
				CLANG_ENABLE_OBJC_ARC = YES;
				CLANG_ENABLE_OBJC_WEAK = YES;
				CLANG_WARN_BLOCK_CAPTURE_AUTORELEASING = YES;
				CLANG_WARN_BOOL_CONVERSION = YES;
				CLANG_WARN_COMMA = YES;
				CLANG_WARN_CONSTANT_CONVERSION = YES;
				CLANG_WARN_DEPRECATED_OBJC_IMPLEMENTATIONS = YES;
				CLANG_WARN_DIRECT_OBJC_ISA_USAGE = YES_ERROR;
				CLANG_WARN_DOCUMENTATION_COMMENTS = YES;
				CLANG_WARN_EMPTY_BODY = YES;
				CLANG_WARN_ENUM_CONVERSION = YES;
				CLANG_WARN_INFINITE_RECURSION = YES;
				CLANG_WARN_INT_CONVERSION = YES;
				CLANG_WARN_NON_LITERAL_NULL_CONVERSION = YES;
				CLANG_WARN_OBJC_IMPLICIT_RETAIN_SELF = YES;
				CLANG_WARN_OBJC_LITERAL_CONVERSION = YES;
				CLANG_WARN_OBJC_ROOT_CLASS = YES_ERROR;
				CLANG_WARN_QUOTED_INCLUDE_IN_FRAMEWORK_HEADER = YES;
				CLANG_WARN_RANGE_LOOP_ANALYSIS = YES;
				CLANG_WARN_STRICT_PROTOTYPES = YES;
				CLANG_WARN_SUSPICIOUS_MOVE = YES;
				CLANG_WARN_UNGUARDED_AVAILABILITY = YES_AGGRESSIVE;
				CLANG_WARN_UNREACHABLE_CODE = YES;
				CLANG_WARN__DUPLICATE_METHOD_MATCH = YES;
				COPY_PHASE_STRIP = NO;
				DEBUG_INFORMATION_FORMAT = "dwarf-with-dsym";
				ENABLE_NS_ASSERTIONS = NO;
				ENABLE_STRICT_OBJC_MSGSEND = YES;
				ENABLE_USER_SCRIPT_SANDBOXING = YES;
				GCC_C_LANGUAGE_STANDARD = gnu17;
				GCC_NO_COMMON_BLOCKS = YES;
				GCC_WARN_64_TO_32_BIT_CONVERSION = YES;
				GCC_WARN_ABOUT_RETURN_TYPE = YES_ERROR;
				GCC_WARN_UNDECLARED_SELECTOR = YES;
				GCC_WARN_UNINITIALIZED_AUTOS = YES_AGGRESSIVE;
				GCC_WARN_UNUSED_FUNCTION = YES;
				GCC_WARN_UNUSED_VARIABLE = YES;
				IPHONEOS_DEPLOYMENT_TARGET = 17.2;
				LOCALIZATION_PREFERS_STRING_CATALOGS = YES;
				MTL_ENABLE_DEBUG_INFO = NO;
				MTL_FAST_MATH = YES;
				SDKROOT = iphoneos;
				SWIFT_COMPILATION_MODE = wholemodule;
				VALIDATE_PRODUCT = YES;
			};
			name = Release;
		};
		59F54B582C3EF73B00CBB18A /* Debug */ = {
			isa = XCBuildConfiguration;
			buildSettings = {
				ASSETCATALOG_COMPILER_APPICON_NAME = AppIcon;
				ASSETCATALOG_COMPILER_GLOBAL_ACCENT_COLOR_NAME = AccentColor;
				CODE_SIGN_STYLE = Automatic;
				CURRENT_PROJECT_VERSION = 1;
				GENERATE_INFOPLIST_FILE = YES;
				INFOPLIST_FILE = "ToDo-Swift/Info.plist";
				INFOPLIST_KEY_UIApplicationSupportsIndirectInputEvents = YES;
				INFOPLIST_KEY_UILaunchStoryboardName = LaunchScreen;
				INFOPLIST_KEY_UIMainStoryboardFile = Main;
				INFOPLIST_KEY_UISupportedInterfaceOrientations_iPad = "UIInterfaceOrientationPortrait UIInterfaceOrientationPortraitUpsideDown UIInterfaceOrientationLandscapeLeft UIInterfaceOrientationLandscapeRight";
				INFOPLIST_KEY_UISupportedInterfaceOrientations_iPhone = "UIInterfaceOrientationPortrait UIInterfaceOrientationLandscapeLeft UIInterfaceOrientationLandscapeRight";
				LD_RUNPATH_SEARCH_PATHS = (
					"$(inherited)",
					"@executable_path/Frameworks",
				);
				MARKETING_VERSION = 1.0;
				PRODUCT_BUNDLE_IDENTIFIER = "amilzith.swiftui.com.ToDo-Swift";
				PRODUCT_NAME = "$(TARGET_NAME)";
				SWIFT_EMIT_LOC_STRINGS = YES;
				SWIFT_VERSION = 5.0;
				TARGETED_DEVICE_FAMILY = "1,2";
			};
			name = Debug;
		};
		59F54B592C3EF73B00CBB18A /* Release */ = {
			isa = XCBuildConfiguration;
			buildSettings = {
				ASSETCATALOG_COMPILER_APPICON_NAME = AppIcon;
				ASSETCATALOG_COMPILER_GLOBAL_ACCENT_COLOR_NAME = AccentColor;
				CODE_SIGN_STYLE = Automatic;
				CURRENT_PROJECT_VERSION = 1;
				GENERATE_INFOPLIST_FILE = YES;
				INFOPLIST_FILE = "ToDo-Swift/Info.plist";
				INFOPLIST_KEY_UIApplicationSupportsIndirectInputEvents = YES;
				INFOPLIST_KEY_UILaunchStoryboardName = LaunchScreen;
				INFOPLIST_KEY_UIMainStoryboardFile = Main;
				INFOPLIST_KEY_UISupportedInterfaceOrientations_iPad = "UIInterfaceOrientationPortrait UIInterfaceOrientationPortraitUpsideDown UIInterfaceOrientationLandscapeLeft UIInterfaceOrientationLandscapeRight";
				INFOPLIST_KEY_UISupportedInterfaceOrientations_iPhone = "UIInterfaceOrientationPortrait UIInterfaceOrientationLandscapeLeft UIInterfaceOrientationLandscapeRight";
				LD_RUNPATH_SEARCH_PATHS = (
					"$(inherited)",
					"@executable_path/Frameworks",
				);
				MARKETING_VERSION = 1.0;
				PRODUCT_BUNDLE_IDENTIFIER = "amilzith.swiftui.com.ToDo-Swift";
				PRODUCT_NAME = "$(TARGET_NAME)";
				SWIFT_EMIT_LOC_STRINGS = YES;
				SWIFT_VERSION = 5.0;
				TARGETED_DEVICE_FAMILY = "1,2";
			};
			name = Release;
		};
		59F54B5B2C3EF73B00CBB18A /* Debug */ = {
			isa = XCBuildConfiguration;
			buildSettings = {
				ALWAYS_EMBED_SWIFT_STANDARD_LIBRARIES = YES;
				BUNDLE_LOADER = "$(TEST_HOST)";
				CODE_SIGN_STYLE = Automatic;
				CURRENT_PROJECT_VERSION = 1;
				GENERATE_INFOPLIST_FILE = YES;
				IPHONEOS_DEPLOYMENT_TARGET = 17.2;
				MARKETING_VERSION = 1.0;
				PRODUCT_BUNDLE_IDENTIFIER = "amilzith.swiftui.com.ToDo-SwiftTests";
				PRODUCT_NAME = "$(TARGET_NAME)";
				SWIFT_EMIT_LOC_STRINGS = NO;
				SWIFT_VERSION = 5.0;
				TARGETED_DEVICE_FAMILY = "1,2";
				TEST_HOST = "$(BUILT_PRODUCTS_DIR)/ToDo-Swift.app/$(BUNDLE_EXECUTABLE_FOLDER_PATH)/ToDo-Swift";
			};
			name = Debug;
		};
		59F54B5C2C3EF73B00CBB18A /* Release */ = {
			isa = XCBuildConfiguration;
			buildSettings = {
				ALWAYS_EMBED_SWIFT_STANDARD_LIBRARIES = YES;
				BUNDLE_LOADER = "$(TEST_HOST)";
				CODE_SIGN_STYLE = Automatic;
				CURRENT_PROJECT_VERSION = 1;
				GENERATE_INFOPLIST_FILE = YES;
				IPHONEOS_DEPLOYMENT_TARGET = 17.2;
				MARKETING_VERSION = 1.0;
				PRODUCT_BUNDLE_IDENTIFIER = "amilzith.swiftui.com.ToDo-SwiftTests";
				PRODUCT_NAME = "$(TARGET_NAME)";
				SWIFT_EMIT_LOC_STRINGS = NO;
				SWIFT_VERSION = 5.0;
				TARGETED_DEVICE_FAMILY = "1,2";
				TEST_HOST = "$(BUILT_PRODUCTS_DIR)/ToDo-Swift.app/$(BUNDLE_EXECUTABLE_FOLDER_PATH)/ToDo-Swift";
			};
			name = Release;
		};
		59F54B5E2C3EF73B00CBB18A /* Debug */ = {
			isa = XCBuildConfiguration;
			buildSettings = {
				ALWAYS_EMBED_SWIFT_STANDARD_LIBRARIES = YES;
				CODE_SIGN_STYLE = Automatic;
				CURRENT_PROJECT_VERSION = 1;
				GENERATE_INFOPLIST_FILE = YES;
				MARKETING_VERSION = 1.0;
				PRODUCT_BUNDLE_IDENTIFIER = "amilzith.swiftui.com.ToDo-SwiftUITests";
				PRODUCT_NAME = "$(TARGET_NAME)";
				SWIFT_EMIT_LOC_STRINGS = NO;
				SWIFT_VERSION = 5.0;
				TARGETED_DEVICE_FAMILY = "1,2";
				TEST_TARGET_NAME = "ToDo-Swift";
			};
			name = Debug;
		};
		59F54B5F2C3EF73B00CBB18A /* Release */ = {
			isa = XCBuildConfiguration;
			buildSettings = {
				ALWAYS_EMBED_SWIFT_STANDARD_LIBRARIES = YES;
				CODE_SIGN_STYLE = Automatic;
				CURRENT_PROJECT_VERSION = 1;
				GENERATE_INFOPLIST_FILE = YES;
				MARKETING_VERSION = 1.0;
				PRODUCT_BUNDLE_IDENTIFIER = "amilzith.swiftui.com.ToDo-SwiftUITests";
				PRODUCT_NAME = "$(TARGET_NAME)";
				SWIFT_EMIT_LOC_STRINGS = NO;
				SWIFT_VERSION = 5.0;
				TARGETED_DEVICE_FAMILY = "1,2";
				TEST_TARGET_NAME = "ToDo-Swift";
			};
			name = Release;
		};
/* End XCBuildConfiguration section */

/* Begin XCConfigurationList section */
		59F54B282C3EF73A00CBB18A /* Build configuration list for PBXProject "ToDo-Swift" */ = {
			isa = XCConfigurationList;
			buildConfigurations = (
				59F54B552C3EF73B00CBB18A /* Debug */,
				59F54B562C3EF73B00CBB18A /* Release */,
			);
			defaultConfigurationIsVisible = 0;
			defaultConfigurationName = Release;
		};
		59F54B572C3EF73B00CBB18A /* Build configuration list for PBXNativeTarget "ToDo-Swift" */ = {
			isa = XCConfigurationList;
			buildConfigurations = (
				59F54B582C3EF73B00CBB18A /* Debug */,
				59F54B592C3EF73B00CBB18A /* Release */,
			);
			defaultConfigurationIsVisible = 0;
			defaultConfigurationName = Release;
		};
		59F54B5A2C3EF73B00CBB18A /* Build configuration list for PBXNativeTarget "ToDo-SwiftTests" */ = {
			isa = XCConfigurationList;
			buildConfigurations = (
				59F54B5B2C3EF73B00CBB18A /* Debug */,
				59F54B5C2C3EF73B00CBB18A /* Release */,
			);
			defaultConfigurationIsVisible = 0;
			defaultConfigurationName = Release;
		};
		59F54B5D2C3EF73B00CBB18A /* Build configuration list for PBXNativeTarget "ToDo-SwiftUITests" */ = {
			isa = XCConfigurationList;
			buildConfigurations = (
				59F54B5E2C3EF73B00CBB18A /* Debug */,
				59F54B5F2C3EF73B00CBB18A /* Release */,
			);
			defaultConfigurationIsVisible = 0;
			defaultConfigurationName = Release;
		};
/* End XCConfigurationList section */
	};
	rootObject = 59F54B252C3EF73A00CBB18A /* Project object */;
}
